
Microsoft Visual Studio Solution File, Format Version 12.00
# Visual Studio 2012
Project("{FAE04EC0-301F-11D3-BF4B-00C04F79EFBC}") = "UnitTestsProject", "UnitTestProject1\UnitTestsProject.csproj", "{4ED6362D-E1FA-450C-9545-AEDF1287B3EB}"
EndProject
Project("{FAE04EC0-301F-11D3-BF4B-00C04F79EFBC}") = "ChessByBird", "ChessByBird\ChessByBird.csproj", "{1702431C-1EB6-4232-80F2-3CFC47B526B7}"
EndProject
Global
	GlobalSection(SolutionConfigurationPlatforms) = preSolution
		Debug|Any CPU = Debug|Any CPU
		Release|Any CPU = Release|Any CPU
	EndGlobalSection
	GlobalSection(ProjectConfigurationPlatforms) = postSolution
		{4ED6362D-E1FA-450C-9545-AEDF1287B3EB}.Debug|Any CPU.ActiveCfg = Debug|Any CPU
		{4ED6362D-E1FA-450C-9545-AEDF1287B3EB}.Debug|Any CPU.Build.0 = Debug|Any CPU
		{4ED6362D-E1FA-450C-9545-AEDF1287B3EB}.Release|Any CPU.ActiveCfg = Release|Any CPU
		{4ED6362D-E1FA-450C-9545-AEDF1287B3EB}.Release|Any CPU.Build.0 = Release|Any CPU
		{1702431C-1EB6-4232-80F2-3CFC47B526B7}.Debug|Any CPU.ActiveCfg = Debug|Any CPU
		{1702431C-1EB6-4232-80F2-3CFC47B526B7}.Debug|Any CPU.Build.0 = Debug|Any CPU
		{1702431C-1EB6-4232-80F2-3CFC47B526B7}.Release|Any CPU.ActiveCfg = Release|Any CPU
		{1702431C-1EB6-4232-80F2-3CFC47B526B7}.Release|Any CPU.Build.0 = Release|Any CPU
	EndGlobalSection
	GlobalSection(SolutionProperties) = preSolution
		HideSolutionNode = FALSE
	EndGlobalSection
EndGlobal
